// !$*UTF8*$!
{
	archiveVersion = 1;
	classes = {
	};
	objectVersion = 56;
	objects = {

/* Begin PBXBuildFile section */
		E9E91B322AB06D9200E4A6E4 /* ThreadsApp.swift in Sources */ = {isa = PBXBuildFile; fileRef = E9E91B312AB06D9200E4A6E4 /* ThreadsApp.swift */; };
		E9E91B342AB06D9200E4A6E4 /* ContentView.swift in Sources */ = {isa = PBXBuildFile; fileRef = E9E91B332AB06D9200E4A6E4 /* ContentView.swift */; };
		E9E91B362AB06D9300E4A6E4 /* Assets.xcassets in Resources */ = {isa = PBXBuildFile; fileRef = E9E91B352AB06D9300E4A6E4 /* Assets.xcassets */; };
		E9E91B392AB06D9300E4A6E4 /* Preview Assets.xcassets in Resources */ = {isa = PBXBuildFile; fileRef = E9E91B382AB06D9300E4A6E4 /* Preview Assets.xcassets */; };
		E9E91B492AB06FD400E4A6E4 /* LoginView.swift in Sources */ = {isa = PBXBuildFile; fileRef = E9E91B482AB06FD400E4A6E4 /* LoginView.swift */; };
		E9E91B4D2AB0774500E4A6E4 /* LoginViewModel.swift in Sources */ = {isa = PBXBuildFile; fileRef = E9E91B4C2AB0774500E4A6E4 /* LoginViewModel.swift */; };
		E9E91B502AB0776200E4A6E4 /* LoginModel.swift in Sources */ = {isa = PBXBuildFile; fileRef = E9E91B4F2AB0776200E4A6E4 /* LoginModel.swift */; };
		E9E91B532AB0801A00E4A6E4 /* AuthButton.swift in Sources */ = {isa = PBXBuildFile; fileRef = E9E91B522AB0801A00E4A6E4 /* AuthButton.swift */; };
		E9E91B5C2AB08CE800E4A6E4 /* RegisterationView.swift in Sources */ = {isa = PBXBuildFile; fileRef = E9E91B5B2AB08CE800E4A6E4 /* RegisterationView.swift */; };
		E9E91B5E2AB08CF400E4A6E4 /* RegisterationModel.swift in Sources */ = {isa = PBXBuildFile; fileRef = E9E91B5D2AB08CF400E4A6E4 /* RegisterationModel.swift */; };
		E9E91B602AB08CFC00E4A6E4 /* RegisterationViewModel.swift in Sources */ = {isa = PBXBuildFile; fileRef = E9E91B5F2AB08CFC00E4A6E4 /* RegisterationViewModel.swift */; };
		E9E91B622AB08EDE00E4A6E4 /* TextFieldModifier.swift in Sources */ = {isa = PBXBuildFile; fileRef = E9E91B612AB08EDE00E4A6E4 /* TextFieldModifier.swift */; };
		E9E91B672AB0929C00E4A6E4 /* View.swift in Sources */ = {isa = PBXBuildFile; fileRef = E9E91B662AB0929C00E4A6E4 /* View.swift */; };
/* End PBXBuildFile section */

/* Begin PBXFileReference section */
		E9E91B2E2AB06D9200E4A6E4 /* Threads.app */ = {isa = PBXFileReference; explicitFileType = wrapper.application; includeInIndex = 0; path = Threads.app; sourceTree = BUILT_PRODUCTS_DIR; };
		E9E91B312AB06D9200E4A6E4 /* ThreadsApp.swift */ = {isa = PBXFileReference; lastKnownFileType = sourcecode.swift; path = ThreadsApp.swift; sourceTree = "<group>"; };
		E9E91B332AB06D9200E4A6E4 /* ContentView.swift */ = {isa = PBXFileReference; lastKnownFileType = sourcecode.swift; path = ContentView.swift; sourceTree = "<group>"; };
		E9E91B352AB06D9300E4A6E4 /* Assets.xcassets */ = {isa = PBXFileReference; lastKnownFileType = folder.assetcatalog; path = Assets.xcassets; sourceTree = "<group>"; };
		E9E91B382AB06D9300E4A6E4 /* Preview Assets.xcassets */ = {isa = PBXFileReference; lastKnownFileType = folder.assetcatalog; path = "Preview Assets.xcassets"; sourceTree = "<group>"; };
		E9E91B482AB06FD400E4A6E4 /* LoginView.swift */ = {isa = PBXFileReference; lastKnownFileType = sourcecode.swift; path = LoginView.swift; sourceTree = "<group>"; };
		E9E91B4A2AB0742100E4A6E4 /* Info.plist */ = {isa = PBXFileReference; lastKnownFileType = text.plist; path = Info.plist; sourceTree = "<group>"; };
		E9E91B4C2AB0774500E4A6E4 /* LoginViewModel.swift */ = {isa = PBXFileReference; lastKnownFileType = sourcecode.swift; path = LoginViewModel.swift; sourceTree = "<group>"; };
		E9E91B4F2AB0776200E4A6E4 /* LoginModel.swift */ = {isa = PBXFileReference; lastKnownFileType = sourcecode.swift; path = LoginModel.swift; sourceTree = "<group>"; };
		E9E91B522AB0801A00E4A6E4 /* AuthButton.swift */ = {isa = PBXFileReference; lastKnownFileType = sourcecode.swift; path = AuthButton.swift; sourceTree = "<group>"; };
		E9E91B5B2AB08CE800E4A6E4 /* RegisterationView.swift */ = {isa = PBXFileReference; lastKnownFileType = sourcecode.swift; path = RegisterationView.swift; sourceTree = "<group>"; };
		E9E91B5D2AB08CF400E4A6E4 /* RegisterationModel.swift */ = {isa = PBXFileReference; lastKnownFileType = sourcecode.swift; path = RegisterationModel.swift; sourceTree = "<group>"; };
		E9E91B5F2AB08CFC00E4A6E4 /* RegisterationViewModel.swift */ = {isa = PBXFileReference; lastKnownFileType = sourcecode.swift; path = RegisterationViewModel.swift; sourceTree = "<group>"; };
		E9E91B612AB08EDE00E4A6E4 /* TextFieldModifier.swift */ = {isa = PBXFileReference; lastKnownFileType = sourcecode.swift; path = TextFieldModifier.swift; sourceTree = "<group>"; };
		E9E91B662AB0929C00E4A6E4 /* View.swift */ = {isa = PBXFileReference; lastKnownFileType = sourcecode.swift; path = View.swift; sourceTree = "<group>"; };
/* End PBXFileReference section */

/* Begin PBXFrameworksBuildPhase section */
		E9E91B2B2AB06D9200E4A6E4 /* Frameworks */ = {
			isa = PBXFrameworksBuildPhase;
			buildActionMask = 2147483647;
			files = (
			);
			runOnlyForDeploymentPostprocessing = 0;
		};
/* End PBXFrameworksBuildPhase section */

/* Begin PBXGroup section */
		E9E91B252AB06D9200E4A6E4 = {
			isa = PBXGroup;
			children = (
				E9E91B302AB06D9200E4A6E4 /* Threads */,
				E9E91B2F2AB06D9200E4A6E4 /* Products */,
			);
			sourceTree = "<group>";
		};
		E9E91B2F2AB06D9200E4A6E4 /* Products */ = {
			isa = PBXGroup;
			children = (
				E9E91B2E2AB06D9200E4A6E4 /* Threads.app */,
			);
			name = Products;
			sourceTree = "<group>";
		};
		E9E91B302AB06D9200E4A6E4 /* Threads */ = {
			isa = PBXGroup;
			children = (
				E9E91B4A2AB0742100E4A6E4 /* Info.plist */,
				E9E91B442AB06F4000E4A6E4 /* Extensions */,
				E9E91B432AB06F3D00E4A6E4 /* Core */,
				E9E91B422AB06F3200E4A6E4 /* Model */,
				E9E91B412AB06F2700E4A6E4 /* Services */,
				E9E91B402AB06F1A00E4A6E4 /* Utils */,
				E9E91B3F2AB06F0E00E4A6E4 /* App */,
				E9E91B372AB06D9300E4A6E4 /* Preview Content */,
			);
			path = Threads;
			sourceTree = "<group>";
		};
		E9E91B372AB06D9300E4A6E4 /* Preview Content */ = {
			isa = PBXGroup;
			children = (
				E9E91B382AB06D9300E4A6E4 /* Preview Assets.xcassets */,
			);
			path = "Preview Content";
			sourceTree = "<group>";
		};
		E9E91B3F2AB06F0E00E4A6E4 /* App */ = {
			isa = PBXGroup;
			children = (
				E9E91B352AB06D9300E4A6E4 /* Assets.xcassets */,
				E9E91B312AB06D9200E4A6E4 /* ThreadsApp.swift */,
			);
			path = App;
			sourceTree = "<group>";
		};
		E9E91B402AB06F1A00E4A6E4 /* Utils */ = {
			isa = PBXGroup;
			children = (
				E9E91B632AB08FE000E4A6E4 /* Modifiers */,
				E9E91B512AB07FF600E4A6E4 /* CustomComponents */,
			);
			path = Utils;
			sourceTree = "<group>";
		};
		E9E91B412AB06F2700E4A6E4 /* Services */ = {
			isa = PBXGroup;
			children = (
			);
			path = Services;
			sourceTree = "<group>";
		};
		E9E91B422AB06F3200E4A6E4 /* Model */ = {
			isa = PBXGroup;
			children = (
			);
			path = Model;
			sourceTree = "<group>";
		};
		E9E91B432AB06F3D00E4A6E4 /* Core */ = {
			isa = PBXGroup;
			children = (
				E9E91B452AB06FA100E4A6E4 /* Authentication */,
				E9E91B462AB06FA900E4A6E4 /* Root */,
			);
			path = Core;
			sourceTree = "<group>";
		};
		E9E91B442AB06F4000E4A6E4 /* Extensions */ = {
			isa = PBXGroup;
			children = (
				E9E91B662AB0929C00E4A6E4 /* View.swift */,
			);
			path = Extensions;
			sourceTree = "<group>";
		};
		E9E91B452AB06FA100E4A6E4 /* Authentication */ = {
			isa = PBXGroup;
			children = (
				E9E91B562AB0891B00E4A6E4 /* Login */,
				E9E91B572AB08C9000E4A6E4 /* Register */,
			);
			path = Authentication;
			sourceTree = "<group>";
		};
		E9E91B462AB06FA900E4A6E4 /* Root */ = {
			isa = PBXGroup;
			children = (
				E9E91B332AB06D9200E4A6E4 /* ContentView.swift */,
			);
			path = Root;
			sourceTree = "<group>";
		};
		E9E91B472AB06FC600E4A6E4 /* View */ = {
			isa = PBXGroup;
			children = (
				E9E91B482AB06FD400E4A6E4 /* LoginView.swift */,
			);
			path = View;
			sourceTree = "<group>";
		};
		E9E91B4B2AB0772B00E4A6E4 /* ViewModel */ = {
			isa = PBXGroup;
			children = (
				E9E91B4C2AB0774500E4A6E4 /* LoginViewModel.swift */,
			);
			path = ViewModel;
			sourceTree = "<group>";
		};
		E9E91B4E2AB0775700E4A6E4 /* Model */ = {
			isa = PBXGroup;
			children = (
				E9E91B4F2AB0776200E4A6E4 /* LoginModel.swift */,
			);
			path = Model;
			sourceTree = "<group>";
		};
		E9E91B512AB07FF600E4A6E4 /* CustomComponents */ = {
			isa = PBXGroup;
			children = (
				E9E91B522AB0801A00E4A6E4 /* AuthButton.swift */,
			);
			path = CustomComponents;
			sourceTree = "<group>";
		};
		E9E91B562AB0891B00E4A6E4 /* Login */ = {
			isa = PBXGroup;
			children = (
				E9E91B4E2AB0775700E4A6E4 /* Model */,
				E9E91B4B2AB0772B00E4A6E4 /* ViewModel */,
				E9E91B472AB06FC600E4A6E4 /* View */,
			);
			path = Login;
			sourceTree = "<group>";
		};
		E9E91B572AB08C9000E4A6E4 /* Register */ = {
			isa = PBXGroup;
			children = (
				E9E91B5A2AB08CA200E4A6E4 /* Model */,
				E9E91B592AB08C9E00E4A6E4 /* View */,
				E9E91B582AB08C9700E4A6E4 /* ViewModel */,
			);
			path = Register;
			sourceTree = "<group>";
		};
		E9E91B582AB08C9700E4A6E4 /* ViewModel */ = {
			isa = PBXGroup;
			children = (
				E9E91B5F2AB08CFC00E4A6E4 /* RegisterationViewModel.swift */,
			);
			path = ViewModel;
			sourceTree = "<group>";
		};
		E9E91B592AB08C9E00E4A6E4 /* View */ = {
			isa = PBXGroup;
			children = (
				E9E91B5B2AB08CE800E4A6E4 /* RegisterationView.swift */,
			);
			path = View;
			sourceTree = "<group>";
		};
		E9E91B5A2AB08CA200E4A6E4 /* Model */ = {
			isa = PBXGroup;
			children = (
				E9E91B5D2AB08CF400E4A6E4 /* RegisterationModel.swift */,
			);
			path = Model;
			sourceTree = "<group>";
		};
		E9E91B632AB08FE000E4A6E4 /* Modifiers */ = {
			isa = PBXGroup;
			children = (
				E9E91B612AB08EDE00E4A6E4 /* TextFieldModifier.swift */,
			);
			path = Modifiers;
			sourceTree = "<group>";
		};
/* End PBXGroup section */

/* Begin PBXNativeTarget section */
		E9E91B2D2AB06D9200E4A6E4 /* Threads */ = {
			isa = PBXNativeTarget;
			buildConfigurationList = E9E91B3C2AB06D9300E4A6E4 /* Build configuration list for PBXNativeTarget "Threads" */;
			buildPhases = (
				E9E91B2A2AB06D9200E4A6E4 /* Sources */,
				E9E91B2B2AB06D9200E4A6E4 /* Frameworks */,
				E9E91B2C2AB06D9200E4A6E4 /* Resources */,
			);
			buildRules = (
			);
			dependencies = (
			);
			name = Threads;
			productName = Threads;
			productReference = E9E91B2E2AB06D9200E4A6E4 /* Threads.app */;
			productType = "com.apple.product-type.application";
		};
/* End PBXNativeTarget section */

/* Begin PBXProject section */
		E9E91B262AB06D9200E4A6E4 /* Project object */ = {
			isa = PBXProject;
			attributes = {
				BuildIndependentTargetsInParallel = 1;
				LastSwiftUpdateCheck = 1430;
				LastUpgradeCheck = 1430;
				TargetAttributes = {
					E9E91B2D2AB06D9200E4A6E4 = {
						CreatedOnToolsVersion = 14.3.1;
					};
				};
			};
			buildConfigurationList = E9E91B292AB06D9200E4A6E4 /* Build configuration list for PBXProject "Threads" */;
			compatibilityVersion = "Xcode 14.0";
			developmentRegion = en;
			hasScannedForEncodings = 0;
			knownRegions = (
				en,
				Base,
			);
			mainGroup = E9E91B252AB06D9200E4A6E4;
			productRefGroup = E9E91B2F2AB06D9200E4A6E4 /* Products */;
			projectDirPath = "";
			projectRoot = "";
			targets = (
				E9E91B2D2AB06D9200E4A6E4 /* Threads */,
			);
		};
/* End PBXProject section */

/* Begin PBXResourcesBuildPhase section */
		E9E91B2C2AB06D9200E4A6E4 /* Resources */ = {
			isa = PBXResourcesBuildPhase;
			buildActionMask = 2147483647;
			files = (
				E9E91B392AB06D9300E4A6E4 /* Preview Assets.xcassets in Resources */,
				E9E91B362AB06D9300E4A6E4 /* Assets.xcassets in Resources */,
			);
			runOnlyForDeploymentPostprocessing = 0;
		};
/* End PBXResourcesBuildPhase section */

/* Begin PBXSourcesBuildPhase section */
		E9E91B2A2AB06D9200E4A6E4 /* Sources */ = {
			isa = PBXSourcesBuildPhase;
			buildActionMask = 2147483647;
			files = (
				E9E91B502AB0776200E4A6E4 /* LoginModel.swift in Sources */,
				E9E91B4D2AB0774500E4A6E4 /* LoginViewModel.swift in Sources */,
				E9E91B492AB06FD400E4A6E4 /* LoginView.swift in Sources */,
				E9E91B602AB08CFC00E4A6E4 /* RegisterationViewModel.swift in Sources */,
				E9E91B532AB0801A00E4A6E4 /* AuthButton.swift in Sources */,
				E9E91B5E2AB08CF400E4A6E4 /* RegisterationModel.swift in Sources */,
				E9E91B622AB08EDE00E4A6E4 /* TextFieldModifier.swift in Sources */,
				E9E91B672AB0929C00E4A6E4 /* View.swift in Sources */,
				E9E91B5C2AB08CE800E4A6E4 /* RegisterationView.swift in Sources */,
				E9E91B342AB06D9200E4A6E4 /* ContentView.swift in Sources */,
				E9E91B322AB06D9200E4A6E4 /* ThreadsApp.swift in Sources */,
			);
			runOnlyForDeploymentPostprocessing = 0;
		};
/* End PBXSourcesBuildPhase section */

/* Begin XCBuildConfiguration section */
		E9E91B3A2AB06D9300E4A6E4 /* Debug */ = {
			isa = XCBuildConfiguration;
			buildSettings = {
				ALWAYS_SEARCH_USER_PATHS = NO;
				CLANG_ANALYZER_NONNULL = YES;
				CLANG_ANALYZER_NUMBER_OBJECT_CONVERSION = YES_AGGRESSIVE;
				CLANG_CXX_LANGUAGE_STANDARD = "gnu++20";
				CLANG_ENABLE_MODULES = YES;
				CLANG_ENABLE_OBJC_ARC = YES;
				CLANG_ENABLE_OBJC_WEAK = YES;
				CLANG_WARN_BLOCK_CAPTURE_AUTORELEASING = YES;
				CLANG_WARN_BOOL_CONVERSION = YES;
				CLANG_WARN_COMMA = YES;
				CLANG_WARN_CONSTANT_CONVERSION = YES;
				CLANG_WARN_DEPRECATED_OBJC_IMPLEMENTATIONS = YES;
				CLANG_WARN_DIRECT_OBJC_ISA_USAGE = YES_ERROR;
				CLANG_WARN_DOCUMENTATION_COMMENTS = YES;
				CLANG_WARN_EMPTY_BODY = YES;
				CLANG_WARN_ENUM_CONVERSION = YES;
				CLANG_WARN_INFINITE_RECURSION = YES;
				CLANG_WARN_INT_CONVERSION = YES;
				CLANG_WARN_NON_LITERAL_NULL_CONVERSION = YES;
				CLANG_WARN_OBJC_IMPLICIT_RETAIN_SELF = YES;
				CLANG_WARN_OBJC_LITERAL_CONVERSION = YES;
				CLANG_WARN_OBJC_ROOT_CLASS = YES_ERROR;
				CLANG_WARN_QUOTED_INCLUDE_IN_FRAMEWORK_HEADER = YES;
				CLANG_WARN_RANGE_LOOP_ANALYSIS = YES;
				CLANG_WARN_STRICT_PROTOTYPES = YES;
				CLANG_WARN_SUSPICIOUS_MOVE = YES;
				CLANG_WARN_UNGUARDED_AVAILABILITY = YES_AGGRESSIVE;
				CLANG_WARN_UNREACHABLE_CODE = YES;
				CLANG_WARN__DUPLICATE_METHOD_MATCH = YES;
				COPY_PHASE_STRIP = NO;
				DEBUG_INFORMATION_FORMAT = dwarf;
				ENABLE_STRICT_OBJC_MSGSEND = YES;
				ENABLE_TESTABILITY = YES;
				GCC_C_LANGUAGE_STANDARD = gnu11;
				GCC_DYNAMIC_NO_PIC = NO;
				GCC_NO_COMMON_BLOCKS = YES;
				GCC_OPTIMIZATION_LEVEL = 0;
				GCC_PREPROCESSOR_DEFINITIONS = (
					"DEBUG=1",
					"$(inherited)",
				);
				GCC_WARN_64_TO_32_BIT_CONVERSION = YES;
				GCC_WARN_ABOUT_RETURN_TYPE = YES_ERROR;
				GCC_WARN_UNDECLARED_SELECTOR = YES;
				GCC_WARN_UNINITIALIZED_AUTOS = YES_AGGRESSIVE;
				GCC_WARN_UNUSED_FUNCTION = YES;
				GCC_WARN_UNUSED_VARIABLE = YES;
				IPHONEOS_DEPLOYMENT_TARGET = 16.4;
				MTL_ENABLE_DEBUG_INFO = INCLUDE_SOURCE;
				MTL_FAST_MATH = YES;
				ONLY_ACTIVE_ARCH = YES;
				SDKROOT = iphoneos;
				SWIFT_ACTIVE_COMPILATION_CONDITIONS = DEBUG;
				SWIFT_OPTIMIZATION_LEVEL = "-Onone";
			};
			name = Debug;
		};
		E9E91B3B2AB06D9300E4A6E4 /* Release */ = {
			isa = XCBuildConfiguration;
			buildSettings = {
				ALWAYS_SEARCH_USER_PATHS = NO;
				CLANG_ANALYZER_NONNULL = YES;
				CLANG_ANALYZER_NUMBER_OBJECT_CONVERSION = YES_AGGRESSIVE;
				CLANG_CXX_LANGUAGE_STANDARD = "gnu++20";
				CLANG_ENABLE_MODULES = YES;
				CLANG_ENABLE_OBJC_ARC = YES;
				CLANG_ENABLE_OBJC_WEAK = YES;
				CLANG_WARN_BLOCK_CAPTURE_AUTORELEASING = YES;
				CLANG_WARN_BOOL_CONVERSION = YES;
				CLANG_WARN_COMMA = YES;
				CLANG_WARN_CONSTANT_CONVERSION = YES;
				CLANG_WARN_DEPRECATED_OBJC_IMPLEMENTATIONS = YES;
				CLANG_WARN_DIRECT_OBJC_ISA_USAGE = YES_ERROR;
				CLANG_WARN_DOCUMENTATION_COMMENTS = YES;
				CLANG_WARN_EMPTY_BODY = YES;
				CLANG_WARN_ENUM_CONVERSION = YES;
				CLANG_WARN_INFINITE_RECURSION = YES;
				CLANG_WARN_INT_CONVERSION = YES;
				CLANG_WARN_NON_LITERAL_NULL_CONVERSION = YES;
				CLANG_WARN_OBJC_IMPLICIT_RETAIN_SELF = YES;
				CLANG_WARN_OBJC_LITERAL_CONVERSION = YES;
				CLANG_WARN_OBJC_ROOT_CLASS = YES_ERROR;
				CLANG_WARN_QUOTED_INCLUDE_IN_FRAMEWORK_HEADER = YES;
				CLANG_WARN_RANGE_LOOP_ANALYSIS = YES;
				CLANG_WARN_STRICT_PROTOTYPES = YES;
				CLANG_WARN_SUSPICIOUS_MOVE = YES;
				CLANG_WARN_UNGUARDED_AVAILABILITY = YES_AGGRESSIVE;
				CLANG_WARN_UNREACHABLE_CODE = YES;
				CLANG_WARN__DUPLICATE_METHOD_MATCH = YES;
				COPY_PHASE_STRIP = NO;
				DEBUG_INFORMATION_FORMAT = "dwarf-with-dsym";
				ENABLE_NS_ASSERTIONS = NO;
				ENABLE_STRICT_OBJC_MSGSEND = YES;
				GCC_C_LANGUAGE_STANDARD = gnu11;
				GCC_NO_COMMON_BLOCKS = YES;
				GCC_WARN_64_TO_32_BIT_CONVERSION = YES;
				GCC_WARN_ABOUT_RETURN_TYPE = YES_ERROR;
				GCC_WARN_UNDECLARED_SELECTOR = YES;
				GCC_WARN_UNINITIALIZED_AUTOS = YES_AGGRESSIVE;
				GCC_WARN_UNUSED_FUNCTION = YES;
				GCC_WARN_UNUSED_VARIABLE = YES;
				IPHONEOS_DEPLOYMENT_TARGET = 16.4;
				MTL_ENABLE_DEBUG_INFO = NO;
				MTL_FAST_MATH = YES;
				SDKROOT = iphoneos;
				SWIFT_COMPILATION_MODE = wholemodule;
				SWIFT_OPTIMIZATION_LEVEL = "-O";
				VALIDATE_PRODUCT = YES;
			};
			name = Release;
		};
		E9E91B3D2AB06D9300E4A6E4 /* Debug */ = {
			isa = XCBuildConfiguration;
			buildSettings = {
				ASSETCATALOG_COMPILER_APPICON_NAME = AppIcon;
				ASSETCATALOG_COMPILER_GLOBAL_ACCENT_COLOR_NAME = AccentColor;
				CODE_SIGN_STYLE = Automatic;
				CURRENT_PROJECT_VERSION = 1;
				DEVELOPMENT_ASSET_PATHS = "\"Threads/Preview Content\"";
				DEVELOPMENT_TEAM = 5Z6579228A;
				ENABLE_PREVIEWS = YES;
				GENERATE_INFOPLIST_FILE = YES;
				INFOPLIST_FILE = Threads/Info.plist;
				INFOPLIST_KEY_UIApplicationSceneManifest_Generation = YES;
				INFOPLIST_KEY_UIApplicationSupportsIndirectInputEvents = YES;
				INFOPLIST_KEY_UISupportedInterfaceOrientations_iPad = "UIInterfaceOrientationPortrait UIInterfaceOrientationPortraitUpsideDown UIInterfaceOrientationLandscapeLeft UIInterfaceOrientationLandscapeRight";
				INFOPLIST_KEY_UISupportedInterfaceOrientations_iPhone = "UIInterfaceOrientationPortrait UIInterfaceOrientationLandscapeLeft UIInterfaceOrientationLandscapeRight";
				LD_RUNPATH_SEARCH_PATHS = (
					"$(inherited)",
					"@executable_path/Frameworks",
				);
				MARKETING_VERSION = 1.0;
				PRODUCT_BUNDLE_IDENTIFIER = com.aykutipek.Threads;
				PRODUCT_NAME = "$(TARGET_NAME)";
				SWIFT_EMIT_LOC_STRINGS = YES;
				SWIFT_VERSION = 5.0;
				TARGETED_DEVICE_FAMILY = "1,2";
			};
			name = Debug;
		};
		E9E91B3E2AB06D9300E4A6E4 /* Release */ = {
			isa = XCBuildConfiguration;
			buildSettings = {
				ASSETCATALOG_COMPILER_APPICON_NAME = AppIcon;
				ASSETCATALOG_COMPILER_GLOBAL_ACCENT_COLOR_NAME = AccentColor;
				CODE_SIGN_STYLE = Automatic;
				CURRENT_PROJECT_VERSION = 1;
				DEVELOPMENT_ASSET_PATHS = "\"Threads/Preview Content\"";
				DEVELOPMENT_TEAM = 5Z6579228A;
				ENABLE_PREVIEWS = YES;
				GENERATE_INFOPLIST_FILE = YES;
				INFOPLIST_FILE = Threads/Info.plist;
				INFOPLIST_KEY_UIApplicationSceneManifest_Generation = YES;
				INFOPLIST_KEY_UIApplicationSupportsIndirectInputEvents = YES;
				INFOPLIST_KEY_UISupportedInterfaceOrientations_iPad = "UIInterfaceOrientationPortrait UIInterfaceOrientationPortraitUpsideDown UIInterfaceOrientationLandscapeLeft UIInterfaceOrientationLandscapeRight";
				INFOPLIST_KEY_UISupportedInterfaceOrientations_iPhone = "UIInterfaceOrientationPortrait UIInterfaceOrientationLandscapeLeft UIInterfaceOrientationLandscapeRight";
				LD_RUNPATH_SEARCH_PATHS = (
					"$(inherited)",
					"@executable_path/Frameworks",
				);
				MARKETING_VERSION = 1.0;
				PRODUCT_BUNDLE_IDENTIFIER = com.aykutipek.Threads;
				PRODUCT_NAME = "$(TARGET_NAME)";
				SWIFT_EMIT_LOC_STRINGS = YES;
				SWIFT_VERSION = 5.0;
				TARGETED_DEVICE_FAMILY = "1,2";
			};
			name = Release;
		};
/* End XCBuildConfiguration section */

/* Begin XCConfigurationList section */
		E9E91B292AB06D9200E4A6E4 /* Build configuration list for PBXProject "Threads" */ = {
			isa = XCConfigurationList;
			buildConfigurations = (
				E9E91B3A2AB06D9300E4A6E4 /* Debug */,
				E9E91B3B2AB06D9300E4A6E4 /* Release */,
			);
			defaultConfigurationIsVisible = 0;
			defaultConfigurationName = Release;
		};
		E9E91B3C2AB06D9300E4A6E4 /* Build configuration list for PBXNativeTarget "Threads" */ = {
			isa = XCConfigurationList;
			buildConfigurations = (
				E9E91B3D2AB06D9300E4A6E4 /* Debug */,
				E9E91B3E2AB06D9300E4A6E4 /* Release */,
			);
			defaultConfigurationIsVisible = 0;
			defaultConfigurationName = Release;
		};
/* End XCConfigurationList section */
	};
	rootObject = E9E91B262AB06D9200E4A6E4 /* Project object */;
}
